
Microsoft Visual Studio Solution File, Format Version 12.00
# Visual Studio Version 17
VisualStudioVersion = 17.9.34902.65
MinimumVisualStudioVersion = 10.0.40219.1
Project("{9A19103F-16F7-4668-BE54-9A1E7A4F7556}") = "GestionTareasRESTful.WebAPI", "GestionTareasRESTful.WebAPI\GestionTareasRESTful.WebAPI.csproj", "{3800F02A-5A96-4F72-8528-7A51C856B381}"
EndProject
Project("{9A19103F-16F7-4668-BE54-9A1E7A4F7556}") = "GestionTareasRESTful.Domain", "GestionTareasRESTful.Domain\GestionTareasRESTful.Domain.csproj", "{C1FBD1DF-1DD8-453B-B26E-2FAAAEE1A8B3}"
EndProject
Project("{9A19103F-16F7-4668-BE54-9A1E7A4F7556}") = "GestionTareasRESTful.Application", "GestionTareasRESTful.Application\GestionTareasRESTful.Application.csproj", "{5AA5E457-CA95-4E28-BE09-34086AF25833}"
EndProject
Project("{FAE04EC0-301F-11D3-BF4B-00C04F79EFBC}") = "GestionTareasRESTful.Infraestructure", "GestionTareasRESTful.Infraestructure\GestionTareasRESTful.Infraestructure.csproj", "{448D5418-0A8D-49A6-B7D3-0A0EFB6414A3}"
EndProject
Global
	GlobalSection(SolutionConfigurationPlatforms) = preSolution
		Debug|Any CPU = Debug|Any CPU
		Release|Any CPU = Release|Any CPU
	EndGlobalSection
	GlobalSection(ProjectConfigurationPlatforms) = postSolution
		{3800F02A-5A96-4F72-8528-7A51C856B381}.Debug|Any CPU.ActiveCfg = Debug|Any CPU
		{3800F02A-5A96-4F72-8528-7A51C856B381}.Debug|Any CPU.Build.0 = Debug|Any CPU
		{3800F02A-5A96-4F72-8528-7A51C856B381}.Release|Any CPU.ActiveCfg = Release|Any CPU
		{3800F02A-5A96-4F72-8528-7A51C856B381}.Release|Any CPU.Build.0 = Release|Any CPU
		{C1FBD1DF-1DD8-453B-B26E-2FAAAEE1A8B3}.Debug|Any CPU.ActiveCfg = Debug|Any CPU
		{C1FBD1DF-1DD8-453B-B26E-2FAAAEE1A8B3}.Debug|Any CPU.Build.0 = Debug|Any CPU
		{C1FBD1DF-1DD8-453B-B26E-2FAAAEE1A8B3}.Release|Any CPU.ActiveCfg = Release|Any CPU
		{C1FBD1DF-1DD8-453B-B26E-2FAAAEE1A8B3}.Release|Any CPU.Build.0 = Release|Any CPU
		{5AA5E457-CA95-4E28-BE09-34086AF25833}.Debug|Any CPU.ActiveCfg = Debug|Any CPU
		{5AA5E457-CA95-4E28-BE09-34086AF25833}.Debug|Any CPU.Build.0 = Debug|Any CPU
		{5AA5E457-CA95-4E28-BE09-34086AF25833}.Release|Any CPU.ActiveCfg = Release|Any CPU
		{5AA5E457-CA95-4E28-BE09-34086AF25833}.Release|Any CPU.Build.0 = Release|Any CPU
		{448D5418-0A8D-49A6-B7D3-0A0EFB6414A3}.Debug|Any CPU.ActiveCfg = Debug|Any CPU
		{448D5418-0A8D-49A6-B7D3-0A0EFB6414A3}.Debug|Any CPU.Build.0 = Debug|Any CPU
		{448D5418-0A8D-49A6-B7D3-0A0EFB6414A3}.Release|Any CPU.ActiveCfg = Release|Any CPU
		{448D5418-0A8D-49A6-B7D3-0A0EFB6414A3}.Release|Any CPU.Build.0 = Release|Any CPU
	EndGlobalSection
	GlobalSection(SolutionProperties) = preSolution
		HideSolutionNode = FALSE
	EndGlobalSection
	GlobalSection(ExtensibilityGlobals) = postSolution
		SolutionGuid = {B749CE84-52C9-4D81-8326-61FFE5B89B34}
	EndGlobalSection
EndGlobal
